
Microsoft Visual Studio Solution File, Format Version 12.00
# Visual Studio Version 16
VisualStudioVersion = 16.0.30611.23
MinimumVisualStudioVersion = 10.0.40219.1
Project("{FAE04EC0-301F-11D3-BF4B-00C04F79EFBC}") = "Figuras geometricas", "Figuras geometricas.csproj", "{97BFC1E0-32DA-4C87-9DD3-89B2F509627D}"
EndProject
Global
	GlobalSection(SolutionConfigurationPlatforms) = preSolution
		Debug|Any CPU = Debug|Any CPU
		Release|Any CPU = Release|Any CPU
	EndGlobalSection
	GlobalSection(ProjectConfigurationPlatforms) = postSolution
		{97BFC1E0-32DA-4C87-9DD3-89B2F509627D}.Debug|Any CPU.ActiveCfg = Debug|Any CPU
		{97BFC1E0-32DA-4C87-9DD3-89B2F509627D}.Debug|Any CPU.Build.0 = Debug|Any CPU
		{97BFC1E0-32DA-4C87-9DD3-89B2F509627D}.Release|Any CPU.ActiveCfg = Release|Any CPU
		{97BFC1E0-32DA-4C87-9DD3-89B2F509627D}.Release|Any CPU.Build.0 = Release|Any CPU
	EndGlobalSection
	GlobalSection(SolutionProperties) = preSolution
		HideSolutionNode = FALSE
	EndGlobalSection
	GlobalSection(ExtensibilityGlobals) = postSolution
		SolutionGuid = {504154E7-3FDA-4A90-945F-080A763A1ED6}
	EndGlobalSection
EndGlobal
